
Microsoft Visual Studio Solution File, Format Version 12.00
# Visual Studio Version 16
VisualStudioVersion = 16.0.30907.101
MinimumVisualStudioVersion = 10.0.40219.1
Project("{FAE04EC0-301F-11D3-BF4B-00C04F79EFBC}") = "school", "school\school.csproj", "{0614AD2C-2E8D-4CF6-8372-90CE1C94DB3A}"
EndProject
Global
	GlobalSection(SolutionConfigurationPlatforms) = preSolution
		Debug|Any CPU = Debug|Any CPU
		Release|Any CPU = Release|Any CPU
	EndGlobalSection
	GlobalSection(ProjectConfigurationPlatforms) = postSolution
		{0614AD2C-2E8D-4CF6-8372-90CE1C94DB3A}.Debug|Any CPU.ActiveCfg = Debug|Any CPU
		{0614AD2C-2E8D-4CF6-8372-90CE1C94DB3A}.Debug|Any CPU.Build.0 = Debug|Any CPU
		{0614AD2C-2E8D-4CF6-8372-90CE1C94DB3A}.Release|Any CPU.ActiveCfg = Release|Any CPU
		{0614AD2C-2E8D-4CF6-8372-90CE1C94DB3A}.Release|Any CPU.Build.0 = Release|Any CPU
	EndGlobalSection
	GlobalSection(SolutionProperties) = preSolution
		HideSolutionNode = FALSE
	EndGlobalSection
	GlobalSection(ExtensibilityGlobals) = postSolution
		SolutionGuid = {40614B34-5D0D-494E-A5F6-270D3C4A568C}
	EndGlobalSection
EndGlobal
